
Microsoft Visual Studio Solution File, Format Version 12.00
# Visual Studio Version 16
VisualStudioVersion = 16.0.31911.196
MinimumVisualStudioVersion = 10.0.40219.1
Project("{9A19103F-16F7-4668-BE54-9A1E7A4F7556}") = "Lab4", "Lab4\Lab4.csproj", "{179F5103-1233-43AB-BB44-E3D025E9A6B8}"
EndProject
Project("{FAE04EC0-301F-11D3-BF4B-00C04F79EFBC}") = "Lab4_Part2", "Lab4_Part2\Lab4_Part2.csproj", "{42F5EAFF-A1B0-4E05-A255-C75386B7109B}"
EndProject
Global
	GlobalSection(SolutionConfigurationPlatforms) = preSolution
		Debug|Any CPU = Debug|Any CPU
		Release|Any CPU = Release|Any CPU
	EndGlobalSection
	GlobalSection(ProjectConfigurationPlatforms) = postSolution
		{179F5103-1233-43AB-BB44-E3D025E9A6B8}.Debug|Any CPU.ActiveCfg = Debug|Any CPU
		{179F5103-1233-43AB-BB44-E3D025E9A6B8}.Debug|Any CPU.Build.0 = Debug|Any CPU
		{179F5103-1233-43AB-BB44-E3D025E9A6B8}.Release|Any CPU.ActiveCfg = Release|Any CPU
		{179F5103-1233-43AB-BB44-E3D025E9A6B8}.Release|Any CPU.Build.0 = Release|Any CPU
		{42F5EAFF-A1B0-4E05-A255-C75386B7109B}.Debug|Any CPU.ActiveCfg = Debug|Any CPU
		{42F5EAFF-A1B0-4E05-A255-C75386B7109B}.Debug|Any CPU.Build.0 = Debug|Any CPU
		{42F5EAFF-A1B0-4E05-A255-C75386B7109B}.Release|Any CPU.ActiveCfg = Release|Any CPU
		{42F5EAFF-A1B0-4E05-A255-C75386B7109B}.Release|Any CPU.Build.0 = Release|Any CPU
	EndGlobalSection
	GlobalSection(SolutionProperties) = preSolution
		HideSolutionNode = FALSE
	EndGlobalSection
	GlobalSection(ExtensibilityGlobals) = postSolution
		SolutionGuid = {F1165C1D-AF5C-43EE-9794-4482492EFE60}
	EndGlobalSection
EndGlobal
